
Microsoft Visual Studio Solution File, Format Version 12.00
# Visual Studio 15
VisualStudioVersion = 15.0.28307.645
MinimumVisualStudioVersion = 10.0.40219.1
Project("{FAE04EC0-301F-11D3-BF4B-00C04F79EFBC}") = "DBM", "DBM\DBM.csproj", "{BF06A59A-3A8B-4C16-9B4A-380267DF32CC}"
EndProject
Global
	GlobalSection(SolutionConfigurationPlatforms) = preSolution
		Debug|Any CPU = Debug|Any CPU
		Release|Any CPU = Release|Any CPU
	EndGlobalSection
	GlobalSection(ProjectConfigurationPlatforms) = postSolution
		{BF06A59A-3A8B-4C16-9B4A-380267DF32CC}.Debug|Any CPU.ActiveCfg = Debug|Any CPU
		{BF06A59A-3A8B-4C16-9B4A-380267DF32CC}.Debug|Any CPU.Build.0 = Debug|Any CPU
		{BF06A59A-3A8B-4C16-9B4A-380267DF32CC}.Release|Any CPU.ActiveCfg = Release|Any CPU
		{BF06A59A-3A8B-4C16-9B4A-380267DF32CC}.Release|Any CPU.Build.0 = Release|Any CPU
	EndGlobalSection
	GlobalSection(SolutionProperties) = preSolution
		HideSolutionNode = FALSE
	EndGlobalSection
	GlobalSection(ExtensibilityGlobals) = postSolution
		SolutionGuid = {C2B8D165-484C-4365-9934-527BF9BF599F}
	EndGlobalSection
EndGlobal
